
Microsoft Visual Studio Solution File, Format Version 12.00
# Visual Studio Version 17
VisualStudioVersion = 17.3.32825.248
MinimumVisualStudioVersion = 10.0.40219.1
Project("{2150E333-8FDC-42A3-9474-1A3956D46DE8}") = "src", "src", "{932BA2DB-9E66-4660-B80C-A28A6DCDFECB}"
EndProject
Project("{2150E333-8FDC-42A3-9474-1A3956D46DE8}") = "Building Blocks", "Building Blocks", "{B8BF4027-ED5E-4934-B8CB-95CBCDB5892B}"
EndProject
Project("{2150E333-8FDC-42A3-9474-1A3956D46DE8}") = "Web", "Web", "{D8BE3A03-9C07-4E16-9742-55720C49F943}"
EndProject
Project("{2150E333-8FDC-42A3-9474-1A3956D46DE8}") = "Services", "Services", "{D7D304CF-615E-4A36-A906-4EE476013FFC}"
EndProject
Project("{2150E333-8FDC-42A3-9474-1A3956D46DE8}") = "Identidade", "Identidade", "{1FB78FFF-2162-484A-821E-EFACAF493266}"
EndProject
Project("{FAE04EC0-301F-11D3-BF4B-00C04F79EFBC}") = "NSE.Identidade.API", "src\services\NSE.Identidade.API\NSE.Identidade.API.csproj", "{F0E727C9-96F4-4598-99D5-45C662DCA8E7}"
EndProject
Project("{2150E333-8FDC-42A3-9474-1A3956D46DE8}") = "MVC", "MVC", "{A596BF95-2792-4033-951C-DD58234838C0}"
EndProject
Project("{FAE04EC0-301F-11D3-BF4B-00C04F79EFBC}") = "NSE.WebApp.MVC", "src\web\NSE.WebApp.MVC\NSE.WebApp.MVC.csproj", "{F539E3D7-C420-451F-B97B-DB3C7077D3BE}"
EndProject
Project("{2150E333-8FDC-42A3-9474-1A3956D46DE8}") = "Core", "Core", "{DDEFA1B9-E739-4B15-82A7-3C04F9898E96}"
EndProject
Project("{FAE04EC0-301F-11D3-BF4B-00C04F79EFBC}") = "NSE.Core", "src\building blocks\NSE.Core\NSE.Core.csproj", "{E3176006-2CD9-46F5-A152-A85DD12E3943}"
EndProject
Project("{2150E333-8FDC-42A3-9474-1A3956D46DE8}") = "Carrinho", "Carrinho", "{39BB70A8-33AD-40CE-8B72-E5F497092CA0}"
EndProject
Project("{2150E333-8FDC-42A3-9474-1A3956D46DE8}") = "Catalogo", "Catalogo", "{FCA5292E-1403-4768-A37B-6ACAE3056A0A}"
EndProject
Project("{2150E333-8FDC-42A3-9474-1A3956D46DE8}") = "Cliente", "Cliente", "{788DC880-6C3A-48E5-B2AD-30073E8AE14B}"
EndProject
Project("{2150E333-8FDC-42A3-9474-1A3956D46DE8}") = "Pagamento", "Pagamento", "{4274EA8B-40E2-4481-8363-E554B6FB26E4}"
EndProject
Project("{2150E333-8FDC-42A3-9474-1A3956D46DE8}") = "Pedido", "Pedido", "{8D64D511-DA42-42EC-BD8B-E329F7AB7E0E}"
EndProject
Project("{FAE04EC0-301F-11D3-BF4B-00C04F79EFBC}") = "NSE.Carrinho.API", "src\services\NSE.Carrinho.API\NSE.Carrinho.API.csproj", "{A12D804A-1A3C-46D0-BAB3-B15931BBC66C}"
EndProject
Project("{FAE04EC0-301F-11D3-BF4B-00C04F79EFBC}") = "NSE.Catalogo.API", "src\services\NSE.Catalogo.API\NSE.Catalogo.API.csproj", "{1596C417-694C-49DE-9358-F83967AC4EA8}"
EndProject
Project("{FAE04EC0-301F-11D3-BF4B-00C04F79EFBC}") = "NSE.Cliente.API", "src\services\NSE.Cliente.API\NSE.Cliente.API.csproj", "{3FE69ED2-5E26-4EA2-9F1C-6A65C3DDBC40}"
EndProject
Project("{FAE04EC0-301F-11D3-BF4B-00C04F79EFBC}") = "NSE.Pagamento.API", "src\services\NSE.Pagamento.API\NSE.Pagamento.API.csproj", "{665D4362-FB19-4652-9930-C96AFADEAA45}"
EndProject
Project("{FAE04EC0-301F-11D3-BF4B-00C04F79EFBC}") = "NSE.Pedido.API", "src\services\NSE.Pedido.API\NSE.Pedido.API.csproj", "{114D8126-808C-4A33-8D58-B8BF75B4B27E}"
EndProject
Global
	GlobalSection(SolutionConfigurationPlatforms) = preSolution
		Debug|Any CPU = Debug|Any CPU
		Release|Any CPU = Release|Any CPU
	EndGlobalSection
	GlobalSection(ProjectConfigurationPlatforms) = postSolution
		{F0E727C9-96F4-4598-99D5-45C662DCA8E7}.Debug|Any CPU.ActiveCfg = Debug|Any CPU
		{F0E727C9-96F4-4598-99D5-45C662DCA8E7}.Debug|Any CPU.Build.0 = Debug|Any CPU
		{F0E727C9-96F4-4598-99D5-45C662DCA8E7}.Release|Any CPU.ActiveCfg = Release|Any CPU
		{F0E727C9-96F4-4598-99D5-45C662DCA8E7}.Release|Any CPU.Build.0 = Release|Any CPU
		{F539E3D7-C420-451F-B97B-DB3C7077D3BE}.Debug|Any CPU.ActiveCfg = Debug|Any CPU
		{F539E3D7-C420-451F-B97B-DB3C7077D3BE}.Debug|Any CPU.Build.0 = Debug|Any CPU
		{F539E3D7-C420-451F-B97B-DB3C7077D3BE}.Release|Any CPU.ActiveCfg = Release|Any CPU
		{F539E3D7-C420-451F-B97B-DB3C7077D3BE}.Release|Any CPU.Build.0 = Release|Any CPU
		{E3176006-2CD9-46F5-A152-A85DD12E3943}.Debug|Any CPU.ActiveCfg = Debug|Any CPU
		{E3176006-2CD9-46F5-A152-A85DD12E3943}.Debug|Any CPU.Build.0 = Debug|Any CPU
		{E3176006-2CD9-46F5-A152-A85DD12E3943}.Release|Any CPU.ActiveCfg = Release|Any CPU
		{E3176006-2CD9-46F5-A152-A85DD12E3943}.Release|Any CPU.Build.0 = Release|Any CPU
		{A12D804A-1A3C-46D0-BAB3-B15931BBC66C}.Debug|Any CPU.ActiveCfg = Debug|Any CPU
		{A12D804A-1A3C-46D0-BAB3-B15931BBC66C}.Debug|Any CPU.Build.0 = Debug|Any CPU
		{A12D804A-1A3C-46D0-BAB3-B15931BBC66C}.Release|Any CPU.ActiveCfg = Release|Any CPU
		{A12D804A-1A3C-46D0-BAB3-B15931BBC66C}.Release|Any CPU.Build.0 = Release|Any CPU
		{1596C417-694C-49DE-9358-F83967AC4EA8}.Debug|Any CPU.ActiveCfg = Debug|Any CPU
		{1596C417-694C-49DE-9358-F83967AC4EA8}.Debug|Any CPU.Build.0 = Debug|Any CPU
		{1596C417-694C-49DE-9358-F83967AC4EA8}.Release|Any CPU.ActiveCfg = Release|Any CPU
		{1596C417-694C-49DE-9358-F83967AC4EA8}.Release|Any CPU.Build.0 = Release|Any CPU
		{3FE69ED2-5E26-4EA2-9F1C-6A65C3DDBC40}.Debug|Any CPU.ActiveCfg = Debug|Any CPU
		{3FE69ED2-5E26-4EA2-9F1C-6A65C3DDBC40}.Debug|Any CPU.Build.0 = Debug|Any CPU
		{3FE69ED2-5E26-4EA2-9F1C-6A65C3DDBC40}.Release|Any CPU.ActiveCfg = Release|Any CPU
		{3FE69ED2-5E26-4EA2-9F1C-6A65C3DDBC40}.Release|Any CPU.Build.0 = Release|Any CPU
		{665D4362-FB19-4652-9930-C96AFADEAA45}.Debug|Any CPU.ActiveCfg = Debug|Any CPU
		{665D4362-FB19-4652-9930-C96AFADEAA45}.Debug|Any CPU.Build.0 = Debug|Any CPU
		{665D4362-FB19-4652-9930-C96AFADEAA45}.Release|Any CPU.ActiveCfg = Release|Any CPU
		{665D4362-FB19-4652-9930-C96AFADEAA45}.Release|Any CPU.Build.0 = Release|Any CPU
		{114D8126-808C-4A33-8D58-B8BF75B4B27E}.Debug|Any CPU.ActiveCfg = Debug|Any CPU
		{114D8126-808C-4A33-8D58-B8BF75B4B27E}.Debug|Any CPU.Build.0 = Debug|Any CPU
		{114D8126-808C-4A33-8D58-B8BF75B4B27E}.Release|Any CPU.ActiveCfg = Release|Any CPU
		{114D8126-808C-4A33-8D58-B8BF75B4B27E}.Release|Any CPU.Build.0 = Release|Any CPU
	EndGlobalSection
	GlobalSection(SolutionProperties) = preSolution
		HideSolutionNode = FALSE
	EndGlobalSection
	GlobalSection(NestedProjects) = preSolution
		{B8BF4027-ED5E-4934-B8CB-95CBCDB5892B} = {932BA2DB-9E66-4660-B80C-A28A6DCDFECB}
		{D8BE3A03-9C07-4E16-9742-55720C49F943} = {932BA2DB-9E66-4660-B80C-A28A6DCDFECB}
		{D7D304CF-615E-4A36-A906-4EE476013FFC} = {932BA2DB-9E66-4660-B80C-A28A6DCDFECB}
		{1FB78FFF-2162-484A-821E-EFACAF493266} = {D7D304CF-615E-4A36-A906-4EE476013FFC}
		{F0E727C9-96F4-4598-99D5-45C662DCA8E7} = {1FB78FFF-2162-484A-821E-EFACAF493266}
		{A596BF95-2792-4033-951C-DD58234838C0} = {D8BE3A03-9C07-4E16-9742-55720C49F943}
		{F539E3D7-C420-451F-B97B-DB3C7077D3BE} = {A596BF95-2792-4033-951C-DD58234838C0}
		{DDEFA1B9-E739-4B15-82A7-3C04F9898E96} = {B8BF4027-ED5E-4934-B8CB-95CBCDB5892B}
		{E3176006-2CD9-46F5-A152-A85DD12E3943} = {DDEFA1B9-E739-4B15-82A7-3C04F9898E96}
		{39BB70A8-33AD-40CE-8B72-E5F497092CA0} = {D7D304CF-615E-4A36-A906-4EE476013FFC}
		{FCA5292E-1403-4768-A37B-6ACAE3056A0A} = {D7D304CF-615E-4A36-A906-4EE476013FFC}
		{788DC880-6C3A-48E5-B2AD-30073E8AE14B} = {D7D304CF-615E-4A36-A906-4EE476013FFC}
		{4274EA8B-40E2-4481-8363-E554B6FB26E4} = {D7D304CF-615E-4A36-A906-4EE476013FFC}
		{8D64D511-DA42-42EC-BD8B-E329F7AB7E0E} = {D7D304CF-615E-4A36-A906-4EE476013FFC}
		{A12D804A-1A3C-46D0-BAB3-B15931BBC66C} = {39BB70A8-33AD-40CE-8B72-E5F497092CA0}
		{1596C417-694C-49DE-9358-F83967AC4EA8} = {FCA5292E-1403-4768-A37B-6ACAE3056A0A}
		{3FE69ED2-5E26-4EA2-9F1C-6A65C3DDBC40} = {788DC880-6C3A-48E5-B2AD-30073E8AE14B}
		{665D4362-FB19-4652-9930-C96AFADEAA45} = {4274EA8B-40E2-4481-8363-E554B6FB26E4}
		{114D8126-808C-4A33-8D58-B8BF75B4B27E} = {8D64D511-DA42-42EC-BD8B-E329F7AB7E0E}
	EndGlobalSection
	GlobalSection(ExtensibilityGlobals) = postSolution
		SolutionGuid = {91D5ECEF-5D76-442F-BD4C-C78C0FCFA82C}
	EndGlobalSection
EndGlobal
